Microsoft Visual Studio Solution File, Format Version 11.00
# Visual Studio 2008

Project("{531A9157-2C07-9E87-6CB3-2F7BC8EAF7C2}") = "Unity_RollABallGame", "Assembly-CSharp.csproj", "{0B8622E3-78D0-E8A8-863A-67CAF6E48BD6}"
EndProject
Global
	GlobalSection(SolutionConfigurationPlatforms) = preSolution
		Debug|Any CPU = Debug|Any CPU
		Release|Any CPU = Release|Any CPU
	EndGlobalSection
	GlobalSection(ProjectConfigurationPlatforms) = postSolution
		{0B8622E3-78D0-E8A8-863A-67CAF6E48BD6}.Debug|Any CPU.ActiveCfg = Debug|Any CPU
		{0B8622E3-78D0-E8A8-863A-67CAF6E48BD6}.Debug|Any CPU.Build.0 = Debug|Any CPU
		{0B8622E3-78D0-E8A8-863A-67CAF6E48BD6}.Release|Any CPU.ActiveCfg = Release|Any CPU
		{0B8622E3-78D0-E8A8-863A-67CAF6E48BD6}.Release|Any CPU.Build.0 = Release|Any CPU
	EndGlobalSection
	GlobalSection(SolutionProperties) = preSolution
		HideSolutionNode = FALSE
	EndGlobalSection
	GlobalSection(MonoDevelopProperties) = preSolution
		StartupItem = Assembly-CSharp.csproj
	EndGlobalSection
EndGlobal
